
Microsoft Visual Studio Solution File, Format Version 12.00
# Visual Studio 15
VisualStudioVersion = 15.0.28307.438
MinimumVisualStudioVersion = 10.0.40219.1
Project("{FAE04EC0-301F-11D3-BF4B-00C04F79EFBC}") = "Api", "Api\Api.csproj", "{52D71F71-64AA-4EC8-B5C8-D2326BD39D73}"
EndProject
Project("{E24C65DC-7377-472B-9ABA-BC803B73C61A}") = "BookSearch", "..\BookSearch\", "{59CC5B2F-B7D1-4F55-AD18-96879CE54080}"
	ProjectSection(WebsiteProperties) = preProject
		TargetFrameworkMoniker = ".NETFramework,Version%3Dv4.0"
		Debug.AspNetCompiler.VirtualPath = "/localhost_54606"
		Debug.AspNetCompiler.PhysicalPath = "..\BookSearch\"
		Debug.AspNetCompiler.TargetPath = "PrecompiledWeb\localhost_54606\"
		Debug.AspNetCompiler.Updateable = "true"
		Debug.AspNetCompiler.ForceOverwrite = "true"
		Debug.AspNetCompiler.FixedNames = "false"
		Debug.AspNetCompiler.Debug = "True"
		Release.AspNetCompiler.VirtualPath = "/localhost_54606"
		Release.AspNetCompiler.PhysicalPath = "..\BookSearch\"
		Release.AspNetCompiler.TargetPath = "PrecompiledWeb\localhost_54606\"
		Release.AspNetCompiler.Updateable = "true"
		Release.AspNetCompiler.ForceOverwrite = "true"
		Release.AspNetCompiler.FixedNames = "false"
		Release.AspNetCompiler.Debug = "False"
		VWDPort = "54606"
		SlnRelativePath = "..\BookSearch\"
	EndProjectSection
EndProject
Global
	GlobalSection(SolutionConfigurationPlatforms) = preSolution
		Debug|Any CPU = Debug|Any CPU
		Release|Any CPU = Release|Any CPU
	EndGlobalSection
	GlobalSection(ProjectConfigurationPlatforms) = postSolution
		{52D71F71-64AA-4EC8-B5C8-D2326BD39D73}.Debug|Any CPU.ActiveCfg = Debug|Any CPU
		{52D71F71-64AA-4EC8-B5C8-D2326BD39D73}.Debug|Any CPU.Build.0 = Debug|Any CPU
		{52D71F71-64AA-4EC8-B5C8-D2326BD39D73}.Release|Any CPU.ActiveCfg = Release|Any CPU
		{52D71F71-64AA-4EC8-B5C8-D2326BD39D73}.Release|Any CPU.Build.0 = Release|Any CPU
		{59CC5B2F-B7D1-4F55-AD18-96879CE54080}.Debug|Any CPU.ActiveCfg = Debug|Any CPU
		{59CC5B2F-B7D1-4F55-AD18-96879CE54080}.Debug|Any CPU.Build.0 = Debug|Any CPU
		{59CC5B2F-B7D1-4F55-AD18-96879CE54080}.Release|Any CPU.ActiveCfg = Debug|Any CPU
		{59CC5B2F-B7D1-4F55-AD18-96879CE54080}.Release|Any CPU.Build.0 = Debug|Any CPU
	EndGlobalSection
	GlobalSection(SolutionProperties) = preSolution
		HideSolutionNode = FALSE
	EndGlobalSection
	GlobalSection(ExtensibilityGlobals) = postSolution
		SolutionGuid = {C15F8446-F86B-4CF8-BABD-A47BE4F856C0}
	EndGlobalSection
EndGlobal
